
Microsoft Visual Studio Solution File, Format Version 12.00
# Visual Studio 15
VisualStudioVersion = 15.0.26228.4
MinimumVisualStudioVersion = 10.0.40219.1
Project("{FAE04EC0-301F-11D3-BF4B-00C04F79EFBC}") = "ReflectionHomeWork", "ReflectionHomeWork\ReflectionHomeWork.csproj", "{3A550A76-CE36-4A63-AC59-AAE3B78AC329}"
EndProject
Project("{FAE04EC0-301F-11D3-BF4B-00C04F79EFBC}") = "Task2", "Task2\Task2.csproj", "{8E83C643-8FAF-482A-9411-AFC9AB6FB49B}"
EndProject
Global
	GlobalSection(SolutionConfigurationPlatforms) = preSolution
		Debug|Any CPU = Debug|Any CPU
		Release|Any CPU = Release|Any CPU
	EndGlobalSection
	GlobalSection(ProjectConfigurationPlatforms) = postSolution
		{3A550A76-CE36-4A63-AC59-AAE3B78AC329}.Debug|Any CPU.ActiveCfg = Debug|Any CPU
		{3A550A76-CE36-4A63-AC59-AAE3B78AC329}.Debug|Any CPU.Build.0 = Debug|Any CPU
		{3A550A76-CE36-4A63-AC59-AAE3B78AC329}.Release|Any CPU.ActiveCfg = Release|Any CPU
		{3A550A76-CE36-4A63-AC59-AAE3B78AC329}.Release|Any CPU.Build.0 = Release|Any CPU
		{8E83C643-8FAF-482A-9411-AFC9AB6FB49B}.Debug|Any CPU.ActiveCfg = Debug|Any CPU
		{8E83C643-8FAF-482A-9411-AFC9AB6FB49B}.Debug|Any CPU.Build.0 = Debug|Any CPU
		{8E83C643-8FAF-482A-9411-AFC9AB6FB49B}.Release|Any CPU.ActiveCfg = Release|Any CPU
		{8E83C643-8FAF-482A-9411-AFC9AB6FB49B}.Release|Any CPU.Build.0 = Release|Any CPU
	EndGlobalSection
	GlobalSection(SolutionProperties) = preSolution
		HideSolutionNode = FALSE
	EndGlobalSection
EndGlobal
